{
  "nodes": {
    "flake-compat": {
      "locked": {
        "lastModified": 1696426674,
        "narHash": "sha256-kvjfFW7WAETZlt09AgDn1MrtKzP7t90Vf7vypd3OL1U=",
        "rev": "0f9255e01c2351cc7d116c072cb317785dd33b33",
        "revCount": 57,
        "type": "tarball",
        "url": "https://api.flakehub.com/f/pinned/edolstra/flake-compat/1.0.1/018afb31-abd1-7bff-a5e4-cff7e18efb7a/source.tar.gz"
      },
      "original": {
        "type": "tarball",
        "url": "https://flakehub.com/f/edolstra/flake-compat/1.tar.gz"
      }
    },
    "flake-parts": {
      "inputs": {
        "nixpkgs-lib": [
          "nur",
          "nixpkgs"
        ]
      },
      "locked": {
        "lastModified": 1733312601,
        "narHash": "sha256-4pDvzqnegAfRkPwO3wmwBhVi/Sye1mzps0zHWYnP88c=",
        "owner": "hercules-ci",
        "repo": "flake-parts",
        "rev": "205b12d8b7cd4802fbcb8e8ef6a0f1408781a4f9",
        "type": "github"
      },
      "original": {
        "owner": "hercules-ci",
        "repo": "flake-parts",
        "type": "github"
      }
    },
    "home-manager": {
      "inputs": {
        "nixpkgs": [
          "nixpkgs"
        ]
      },
      "locked": {
        "lastModified": 1739051380,
        "narHash": "sha256-p1QSLO8DJnANY+ppK7fjD8GqfCrEIDjso1CSRHsXL7Y=",
        "owner": "nix-community",
        "repo": "home-manager",
        "rev": "5af1b9a0f193ab6138b89a8e0af8763c21bbf491",
        "type": "github"
      },
      "original": {
        "owner": "nix-community",
        "repo": "home-manager",
        "type": "github"
      }
    },
    "nixcord": {
      "inputs": {
        "flake-compat": "flake-compat",
        "nixpkgs": [
          "nixpkgs"
        ],
        "systems": "systems",
        "treefmt-nix": "treefmt-nix"
      },
      "locked": {
        "lastModified": 1739009891,
        "narHash": "sha256-H3QgHEQhr8aAqrCTeJ2qZekAuzw2HhCnuzzeyxB0wbk=",
        "owner": "kaylorben",
        "repo": "nixcord",
        "rev": "677db34f35bdffcdca07246099ea3b22fc6688dc",
        "type": "github"
      },
      "original": {
        "owner": "kaylorben",
        "repo": "nixcord",
        "type": "github"
      }
    },
    "nixpkgs": {
      "locked": {
        "lastModified": 1735554305,
        "narHash": "sha256-zExSA1i/b+1NMRhGGLtNfFGXgLtgo+dcuzHzaWA6w3Q=",
        "owner": "nixos",
        "repo": "nixpkgs",
        "rev": "0e82ab234249d8eee3e8c91437802b32c74bb3fd",
        "type": "github"
      },
      "original": {
        "owner": "nixos",
        "ref": "nixpkgs-unstable",
        "repo": "nixpkgs",
        "type": "github"
      }
    },
    "nixpkgs_2": {
      "locked": {
        "lastModified": 1739020877,
        "narHash": "sha256-mIvECo/NNdJJ/bXjNqIh8yeoSjVLAuDuTUzAo7dzs8Y=",
        "owner": "NixOS",
        "repo": "nixpkgs",
        "rev": "a79cfe0ebd24952b580b1cf08cd906354996d547",
        "type": "github"
      },
      "original": {
        "owner": "NixOS",
        "ref": "nixos-unstable",
        "repo": "nixpkgs",
        "type": "github"
      }
    },
    "nixpkgs_3": {
      "locked": {
        "lastModified": 1739020877,
        "narHash": "sha256-mIvECo/NNdJJ/bXjNqIh8yeoSjVLAuDuTUzAo7dzs8Y=",
        "owner": "nixos",
        "repo": "nixpkgs",
        "rev": "a79cfe0ebd24952b580b1cf08cd906354996d547",
        "type": "github"
      },
      "original": {
        "owner": "nixos",
        "ref": "nixos-unstable",
        "repo": "nixpkgs",
        "type": "github"
      }
    },
    "nur": {
      "inputs": {
        "flake-parts": "flake-parts",
        "nixpkgs": "nixpkgs_3",
        "treefmt-nix": "treefmt-nix_2"
      },
      "locked": {
        "lastModified": 1739111476,
        "narHash": "sha256-BHs80VUOGcZ2oaBc+N9MoeYdo5npz7FKex+jclaBdKI=",
        "owner": "nix-community",
        "repo": "NUR",
        "rev": "953d83b127944d8d6f98a2720c82a70bdc73256b",
        "type": "github"
      },
      "original": {
        "owner": "nix-community",
        "repo": "NUR",
        "type": "github"
      }
    },
    "root": {
      "inputs": {
        "home-manager": "home-manager",
        "nixcord": "nixcord",
        "nixpkgs": "nixpkgs_2",
        "nur": "nur",
        "sops-nix": "sops-nix",
        "spicetify-nix": "spicetify-nix"
      }
    },
    "sops-nix": {
      "inputs": {
        "nixpkgs": [
          "nixpkgs"
        ]
      },
      "locked": {
        "lastModified": 1738291974,
        "narHash": "sha256-wkwYJc8cKmmQWUloyS9KwttBnja2ONRuJQDEsmef320=",
        "owner": "mic92",
        "repo": "sops-nix",
        "rev": "4c1251904d8a08c86ac6bc0d72cc09975e89aef7",
        "type": "github"
      },
      "original": {
        "owner": "mic92",
        "repo": "sops-nix",
        "type": "github"
      }
    },
    "spicetify-nix": {
      "inputs": {
        "nixpkgs": [
          "nixpkgs"
        ],
        "systems": "systems_2"
      },
      "locked": {
        "lastModified": 1739074574,
        "narHash": "sha256-dLfT4/nIU3RzMHk7I5UigRehSWzq7wGkZxwuQdflO6s=",
        "owner": "Gerg-L",
        "repo": "spicetify-nix",
        "rev": "366191fe8e9375d280e9a6b0ed9823468b49f6e7",
        "type": "github"
      },
      "original": {
        "owner": "Gerg-L",
        "repo": "spicetify-nix",
        "type": "github"
      }
    },
    "systems": {
      "locked": {
        "lastModified": 1681028828,
        "narHash": "sha256-Vy1rq5AaRuLzOxct8nz4T6wlgyUR7zLU309k9mBC768=",
        "owner": "nix-systems",
        "repo": "default",
        "rev": "da67096a3b9bf56a91d16901293e51ba5b49a27e",
        "type": "github"
      },
      "original": {
        "id": "systems",
        "type": "indirect"
      }
    },
    "systems_2": {
      "locked": {
        "lastModified": 1681028828,
        "narHash": "sha256-Vy1rq5AaRuLzOxct8nz4T6wlgyUR7zLU309k9mBC768=",
        "owner": "nix-systems",
        "repo": "default",
        "rev": "da67096a3b9bf56a91d16901293e51ba5b49a27e",
        "type": "github"
      },
      "original": {
        "owner": "nix-systems",
        "repo": "default",
        "type": "github"
      }
    },
    "treefmt-nix": {
      "inputs": {
        "nixpkgs": "nixpkgs"
      },
      "locked": {
        "lastModified": 1737103437,
        "narHash": "sha256-uPNWcYbhY2fjY3HOfRCR5jsfzdzemhfxLSxwjXYXqNc=",
        "owner": "numtide",
        "repo": "treefmt-nix",
        "rev": "d1ed3b385f8130e392870cfb1dbfaff8a63a1899",
        "type": "github"
      },
      "original": {
        "owner": "numtide",
        "repo": "treefmt-nix",
        "type": "github"
      }
    },
    "treefmt-nix_2": {
      "inputs": {
        "nixpkgs": [
          "nur",
          "nixpkgs"
        ]
      },
      "locked": {
        "lastModified": 1733222881,
        "narHash": "sha256-JIPcz1PrpXUCbaccEnrcUS8jjEb/1vJbZz5KkobyFdM=",
        "owner": "numtide",
        "repo": "treefmt-nix",
        "rev": "49717b5af6f80172275d47a418c9719a31a78b53",
        "type": "github"
      },
      "original": {
        "owner": "numtide",
        "repo": "treefmt-nix",
        "type": "github"
      }
    }
  },
  "root": "root",
  "version": 7
}
